PODS:
  - JHGPopupKit (1.8.0):
    - JHGPopupKit/Core (= 1.8.0)
    - JHGPopupKit/Plugins (= 1.8.0)
    - JHGPopupKit/PopupView (= 1.8.0)
    - JHGPopupKit/PopupViewController (= 1.8.0)
    - JHGPopupKit/Utils (= 1.8.0)
    - Masonry (~> 1.1.0)
  - JHGPopupKit/Core (1.8.0):
    - Masonry (~> 1.1.0)
  - JHGPopupKit/Plugins (1.8.0):
    - JHGPopupKit/PopupView
    - Masonry (~> 1.1.0)
  - JHGPopupKit/PopupView (1.8.0):
    - JHGPopupKit/Core
    - JHGPopupKit/Utils
    - Masonry (~> 1.1.0)
  - JHGPopupKit/PopupViewController (1.8.0):
    - JHGPopupKit/Core
    - JHGPopupKit/Utils
    - Masonry (~> 1.1.0)
  - JHGPopupKit/Utils (1.8.0):
    - Masonry (~> 1.1.0)
  - JHGPopupManager (1.0.0):
    - JHGPopupKit/Utils (~> 1.8.0)
  - Masonry (1.1.0)
  - SnapKit (5.0.1)

DEPENDENCIES:
  - JHGPopupKit (~> 1.8.0)
  - JHGPopupManager (from `../`)
  - SnapKit (~> 5.0.0)

SPEC REPOS:
  https://github.com/CocoaPods/Specs.git:
    - JHGPopupKit
    - Masonry
    - SnapKit

EXTERNAL SOURCES:
  JHGPopupManager:
    :path: "../"

SPEC CHECKSUMS:
  JHGPopupKit: 26e58cc25b1df49a7f586ad6c5cfb36201b8be32
  JHGPopupManager: ffdd44017d1ecae68ef32336b38a810152004174
  Masonry: 678fab65091a9290e40e2832a55e7ab731aad201
  SnapKit: 97b92857e3df3a0c71833cce143274bf6ef8e5eb

PODFILE CHECKSUM: 1f290330be1cfd2a4904d0b23fbadbe4f5ac3371

COCOAPODS: 1.16.2
