PODS:
  - JHGPopupKit (1.8.0):
    - JHGPopupKit/Core (= 1.8.0)
    - JHGPopupKit/Plugins (= 1.8.0)
    - JHGPopupKit/PopupView (= 1.8.0)
    - JHGPopupKit/PopupViewController (= 1.8.0)
    - JHGPopupKit/Utils (= 1.8.0)
    - Masonry (~> 1.1.0)
  - JHGPopupKit/Core (1.8.0):
    - Masonry (~> 1.1.0)
  - JHGPopupKit/Plugins (1.8.0):
    - JHGPopupKit/PopupView
    - Masonry (~> 1.1.0)
  - JHGPopupKit/PopupView (1.8.0):
    - JHGPopupKit/Core
    - JHGPopupKit/Utils
    - Masonry (~> 1.1.0)
  - JHGPopupKit/PopupViewController (1.8.0):
    - JHGPopupKit/Core
    - JHGPopupKit/Utils
    - Masonry (~> 1.1.0)
  - JHGPopupKit/Utils (1.8.0):
    - Masonry (~> 1.1.0)
  - JHGPopupManager (1.0.0):
    - JHGPopupManager/Core (= 1.0.0)
    - JHGPopupManager/JHGPopupKitSupport (= 1.0.0)
    - JHGPopupManager/Protocol (= 1.0.0)
  - JHGPopupManager/Core (1.0.0):
    - JHGPopupKit/Utils (~> 1.8.0)
    - JHGPopupManager/Protocol
  - JHGPopupManager/JHGPopupKitSupport (1.0.0):
    - JHGPopupKit (~> 1.8.0)
    - JHGPopupManager/Protocol
  - JHGPopupManager/Protocol (1.0.0)
  - Masonry (1.1.0)
  - SnapKit (5.0.1)

DEPENDENCIES:
  - JHGPopupManager (from `../`)
  - SnapKit (~> 5.0.0)

SPEC REPOS:
  https://github.com/CocoaPods/Specs.git:
    - JHGPopupKit
    - Masonry
    - SnapKit

EXTERNAL SOURCES:
  JHGPopupManager:
    :path: "../"

SPEC CHECKSUMS:
  JHGPopupKit: 26e58cc25b1df49a7f586ad6c5cfb36201b8be32
  JHGPopupManager: 44134155c2810e7bb06e7aa31d6f659a3c76319c
  Masonry: 678fab65091a9290e40e2832a55e7ab731aad201
  SnapKit: 97b92857e3df3a0c71833cce143274bf6ef8e5eb

PODFILE CHECKSUM: 0e9458fbc7cde1b829fdf532898db00a3eb8b186

COCOAPODS: 1.16.2
